
Microsoft Visual Studio Solution File, Format Version 12.00
# Visual Studio Version 16
VisualStudioVersion = 16.0.31321.278
MinimumVisualStudioVersion = 10.0.40219.1
Project("{8BC9CEB8-8B4A-11D0-8D11-00A0C91BC942}") = "AutoRetouch", "AutoRetouch\AutoRetouch.vcxproj", "{A8F8E3DB-1ACE-4584-9ACD-F180CBAC22EE}"
EndProject
Project("{8BC9CEB8-8B4A-11D0-8D11-00A0C91BC942}") = "ObliquePhotographyData", "ObliquePhotographyData\ObliquePhotographyData.vcxproj", "{983716C5-47D1-4FF5-A982-AA578144F2B2}"
EndProject
Project("{8BC9CEB8-8B4A-11D0-8D11-00A0C91BC942}") = "AutoRetouch_Lib", "AutoRetouch_Lib\AutoRetouch_Lib.vcxproj", "{C343C23F-C156-407F-A1E9-3BFB59A4989A}"
EndProject
Project("{8BC9CEB8-8B4A-11D0-8D11-00A0C91BC942}") = "Unit_Test_001 (load_point_cloud_tile)", "UnitTests\Unit_Test_001\Unit_Test_001.vcxproj", "{8061989D-DF11-496C-AF50-3A380FAB436A}"
EndProject
Project("{2150E333-8FDC-42A3-9474-1A3956D46DE8}") = "Unit Tests", "Unit Tests", "{538E2452-E7F5-4FCB-8BB4-390D63EBABAF}"
EndProject
Project("{8BC9CEB8-8B4A-11D0-8D11-00A0C91BC942}") = "Unit_Test_002 (load_point_cloud_scene)", "UnitTests\Unit_Test_002\Unit_Test_002.vcxproj", "{E8249999-AA67-4E04-ACB5-ADAA038CE589}"
EndProject
Project("{8BC9CEB8-8B4A-11D0-8D11-00A0C91BC942}") = "ObliquePhotographyData_Lib", "ObliquePhotographyData_Lib\ObliquePhotographyData_Lib.vcxproj", "{3757D1FB-EDDB-4D14-803B-4D692A7D175B}"
EndProject
Project("{8BC9CEB8-8B4A-11D0-8D11-00A0C91BC942}") = "Unit_Test_003 (classifier_region_grow)", "UnitTests\Unit_Test_003\Unit_Test_003.vcxproj", "{EF9F273A-2303-44AB-9485-B9FD4071663D}"
EndProject
Project("{8BC9CEB8-8B4A-11D0-8D11-00A0C91BC942}") = "Unit_Test_005 (point_cloud_visualizer)", "UnitTests\Unit_Test_005\Unit_Test_005.vcxproj", "{A3B7ACE3-4013-44C9-BFD0-C7C10FD6B709}"
EndProject
Project("{8BC9CEB8-8B4A-11D0-8D11-00A0C91BC942}") = "PCLVisualization", "visualization\pcl_visualization.vcxproj", "{FF6DCD49-F069-34E5-A385-B82CB8EBF88D}"
EndProject
Project("{2150E333-8FDC-42A3-9474-1A3956D46DE8}") = "Third Party", "Third Party", "{4EC88C8A-1CB8-4DE7-90AA-13271BA4D85E}"
EndProject
Project("{8BC9CEB8-8B4A-11D0-8D11-00A0C91BC942}") = "Visualizer", "Visualizer\Visualization.vcxproj", "{6673A1F9-724D-47A0-8159-6CA26B818506}"
EndProject
Project("{8BC9CEB8-8B4A-11D0-8D11-00A0C91BC942}") = "Visualizer_Lib", "Visualizer_Lib\Visualization_Lib.vcxproj", "{75DD450F-CA6D-415D-808D-B5FF6751DAEB}"
EndProject
Project("{8BC9CEB8-8B4A-11D0-8D11-00A0C91BC942}") = "Unit_Test_004 (classifier_binary_partition)", "UnitTests\Unit_Test_004\Unit_Test_004.vcxproj", "{6F95DC3E-5F82-478E-B5A4-76341D53AE7F}"
EndProject
Project("{8BC9CEB8-8B4A-11D0-8D11-00A0C91BC942}") = "Unit_Test_006 (classifier_spatial_cluster)", "UnitTests\Unit_Test_006\Unit_Test_006.vcxproj", "{5B01D9D8-B48E-4A81-87E4-B4D5EC9A2849}"
EndProject
Project("{8BC9CEB8-8B4A-11D0-8D11-00A0C91BC942}") = "Unit_Test_007(classifier_outlier_detection)", "UnitTests\Unit_Test_007\Unit_Test_007.vcxproj", "{AA675E59-F275-479B-842E-E60ACD65E22C}"
EndProject
Project("{8BC9CEB8-8B4A-11D0-8D11-00A0C91BC942}") = "QTInterface", "QTInterface\QTInterface.vcxproj", "{77CAF16E-827E-4982-87D6-FA2348B29B21}"
EndProject
Project("{8BC9CEB8-8B4A-11D0-8D11-00A0C91BC942}") = "Unit_Test_009", "UnitTests\Unit_Test_009\Unit_Test_009.vcxproj", "{07DA33C0-B355-4BD5-91F3-7D5C2BD86573}"
EndProject
Global
	GlobalSection(SolutionConfigurationPlatforms) = preSolution
		Debug|x64 = Debug|x64
		Debug|x86 = Debug|x86
		Release|x64 = Release|x64
		Release|x86 = Release|x86
	EndGlobalSection
	GlobalSection(ProjectConfigurationPlatforms) = postSolution
		{A8F8E3DB-1ACE-4584-9ACD-F180CBAC22EE}.Debug|x64.ActiveCfg = Debug|x64
		{A8F8E3DB-1ACE-4584-9ACD-F180CBAC22EE}.Debug|x64.Build.0 = Debug|x64
		{A8F8E3DB-1ACE-4584-9ACD-F180CBAC22EE}.Debug|x86.ActiveCfg = Debug|Win32
		{A8F8E3DB-1ACE-4584-9ACD-F180CBAC22EE}.Debug|x86.Build.0 = Debug|Win32
		{A8F8E3DB-1ACE-4584-9ACD-F180CBAC22EE}.Release|x64.ActiveCfg = Release|x64
		{A8F8E3DB-1ACE-4584-9ACD-F180CBAC22EE}.Release|x64.Build.0 = Release|x64
		{A8F8E3DB-1ACE-4584-9ACD-F180CBAC22EE}.Release|x86.ActiveCfg = Release|Win32
		{A8F8E3DB-1ACE-4584-9ACD-F180CBAC22EE}.Release|x86.Build.0 = Release|Win32
		{983716C5-47D1-4FF5-A982-AA578144F2B2}.Debug|x64.ActiveCfg = Debug|x64
		{983716C5-47D1-4FF5-A982-AA578144F2B2}.Debug|x64.Build.0 = Debug|x64
		{983716C5-47D1-4FF5-A982-AA578144F2B2}.Debug|x86.ActiveCfg = Debug|Win32
		{983716C5-47D1-4FF5-A982-AA578144F2B2}.Debug|x86.Build.0 = Debug|Win32
		{983716C5-47D1-4FF5-A982-AA578144F2B2}.Release|x64.ActiveCfg = Release|x64
		{983716C5-47D1-4FF5-A982-AA578144F2B2}.Release|x64.Build.0 = Release|x64
		{983716C5-47D1-4FF5-A982-AA578144F2B2}.Release|x86.ActiveCfg = Release|Win32
		{983716C5-47D1-4FF5-A982-AA578144F2B2}.Release|x86.Build.0 = Release|Win32
		{C343C23F-C156-407F-A1E9-3BFB59A4989A}.Debug|x64.ActiveCfg = Debug|x64
		{C343C23F-C156-407F-A1E9-3BFB59A4989A}.Debug|x64.Build.0 = Debug|x64
		{C343C23F-C156-407F-A1E9-3BFB59A4989A}.Debug|x86.ActiveCfg = Debug|Win32
		{C343C23F-C156-407F-A1E9-3BFB59A4989A}.Debug|x86.Build.0 = Debug|Win32
		{C343C23F-C156-407F-A1E9-3BFB59A4989A}.Release|x64.ActiveCfg = Release|x64
		{C343C23F-C156-407F-A1E9-3BFB59A4989A}.Release|x64.Build.0 = Release|x64
		{C343C23F-C156-407F-A1E9-3BFB59A4989A}.Release|x86.ActiveCfg = Release|Win32
		{C343C23F-C156-407F-A1E9-3BFB59A4989A}.Release|x86.Build.0 = Release|Win32
		{8061989D-DF11-496C-AF50-3A380FAB436A}.Debug|x64.ActiveCfg = Debug|x64
		{8061989D-DF11-496C-AF50-3A380FAB436A}.Debug|x64.Build.0 = Debug|x64
		{8061989D-DF11-496C-AF50-3A380FAB436A}.Debug|x86.ActiveCfg = Debug|Win32
		{8061989D-DF11-496C-AF50-3A380FAB436A}.Debug|x86.Build.0 = Debug|Win32
		{8061989D-DF11-496C-AF50-3A380FAB436A}.Release|x64.ActiveCfg = Release|x64
		{8061989D-DF11-496C-AF50-3A380FAB436A}.Release|x64.Build.0 = Release|x64
		{8061989D-DF11-496C-AF50-3A380FAB436A}.Release|x86.ActiveCfg = Release|Win32
		{8061989D-DF11-496C-AF50-3A380FAB436A}.Release|x86.Build.0 = Release|Win32
		{E8249999-AA67-4E04-ACB5-ADAA038CE589}.Debug|x64.ActiveCfg = Debug|x64
		{E8249999-AA67-4E04-ACB5-ADAA038CE589}.Debug|x64.Build.0 = Debug|x64
		{E8249999-AA67-4E04-ACB5-ADAA038CE589}.Debug|x86.ActiveCfg = Debug|Win32
		{E8249999-AA67-4E04-ACB5-ADAA038CE589}.Debug|x86.Build.0 = Debug|Win32
		{E8249999-AA67-4E04-ACB5-ADAA038CE589}.Release|x64.ActiveCfg = Release|x64
		{E8249999-AA67-4E04-ACB5-ADAA038CE589}.Release|x64.Build.0 = Release|x64
		{E8249999-AA67-4E04-ACB5-ADAA038CE589}.Release|x86.ActiveCfg = Release|Win32
		{E8249999-AA67-4E04-ACB5-ADAA038CE589}.Release|x86.Build.0 = Release|Win32
		{3757D1FB-EDDB-4D14-803B-4D692A7D175B}.Debug|x64.ActiveCfg = Debug|x64
		{3757D1FB-EDDB-4D14-803B-4D692A7D175B}.Debug|x64.Build.0 = Debug|x64
		{3757D1FB-EDDB-4D14-803B-4D692A7D175B}.Debug|x86.ActiveCfg = Debug|Win32
		{3757D1FB-EDDB-4D14-803B-4D692A7D175B}.Debug|x86.Build.0 = Debug|Win32
		{3757D1FB-EDDB-4D14-803B-4D692A7D175B}.Release|x64.ActiveCfg = Release|x64
		{3757D1FB-EDDB-4D14-803B-4D692A7D175B}.Release|x64.Build.0 = Release|x64
		{3757D1FB-EDDB-4D14-803B-4D692A7D175B}.Release|x86.ActiveCfg = Release|Win32
		{3757D1FB-EDDB-4D14-803B-4D692A7D175B}.Release|x86.Build.0 = Release|Win32
		{EF9F273A-2303-44AB-9485-B9FD4071663D}.Debug|x64.ActiveCfg = Debug|x64
		{EF9F273A-2303-44AB-9485-B9FD4071663D}.Debug|x64.Build.0 = Debug|x64
		{EF9F273A-2303-44AB-9485-B9FD4071663D}.Debug|x86.ActiveCfg = Debug|Win32
		{EF9F273A-2303-44AB-9485-B9FD4071663D}.Debug|x86.Build.0 = Debug|Win32
		{EF9F273A-2303-44AB-9485-B9FD4071663D}.Release|x64.ActiveCfg = Release|x64
		{EF9F273A-2303-44AB-9485-B9FD4071663D}.Release|x64.Build.0 = Release|x64
		{EF9F273A-2303-44AB-9485-B9FD4071663D}.Release|x86.ActiveCfg = Release|Win32
		{EF9F273A-2303-44AB-9485-B9FD4071663D}.Release|x86.Build.0 = Release|Win32
		{A3B7ACE3-4013-44C9-BFD0-C7C10FD6B709}.Debug|x64.ActiveCfg = Debug|x64
		{A3B7ACE3-4013-44C9-BFD0-C7C10FD6B709}.Debug|x64.Build.0 = Debug|x64
		{A3B7ACE3-4013-44C9-BFD0-C7C10FD6B709}.Debug|x86.ActiveCfg = Debug|Win32
		{A3B7ACE3-4013-44C9-BFD0-C7C10FD6B709}.Debug|x86.Build.0 = Debug|Win32
		{A3B7ACE3-4013-44C9-BFD0-C7C10FD6B709}.Release|x64.ActiveCfg = Release|x64
		{A3B7ACE3-4013-44C9-BFD0-C7C10FD6B709}.Release|x64.Build.0 = Release|x64
		{A3B7ACE3-4013-44C9-BFD0-C7C10FD6B709}.Release|x86.ActiveCfg = Release|Win32
		{A3B7ACE3-4013-44C9-BFD0-C7C10FD6B709}.Release|x86.Build.0 = Release|Win32
		{FF6DCD49-F069-34E5-A385-B82CB8EBF88D}.Debug|x64.ActiveCfg = Debug|x64
		{FF6DCD49-F069-34E5-A385-B82CB8EBF88D}.Debug|x64.Build.0 = Debug|x64
		{FF6DCD49-F069-34E5-A385-B82CB8EBF88D}.Debug|x86.ActiveCfg = Debug|x64
		{FF6DCD49-F069-34E5-A385-B82CB8EBF88D}.Release|x64.ActiveCfg = Release|x64
		{FF6DCD49-F069-34E5-A385-B82CB8EBF88D}.Release|x64.Build.0 = Release|x64
		{FF6DCD49-F069-34E5-A385-B82CB8EBF88D}.Release|x86.ActiveCfg = Release|x64
		{6673A1F9-724D-47A0-8159-6CA26B818506}.Debug|x64.ActiveCfg = Debug|x64
		{6673A1F9-724D-47A0-8159-6CA26B818506}.Debug|x64.Build.0 = Debug|x64
		{6673A1F9-724D-47A0-8159-6CA26B818506}.Debug|x86.ActiveCfg = Debug|Win32
		{6673A1F9-724D-47A0-8159-6CA26B818506}.Debug|x86.Build.0 = Debug|Win32
		{6673A1F9-724D-47A0-8159-6CA26B818506}.Release|x64.ActiveCfg = Release|x64
		{6673A1F9-724D-47A0-8159-6CA26B818506}.Release|x64.Build.0 = Release|x64
		{6673A1F9-724D-47A0-8159-6CA26B818506}.Release|x86.ActiveCfg = Release|Win32
		{6673A1F9-724D-47A0-8159-6CA26B818506}.Release|x86.Build.0 = Release|Win32
		{75DD450F-CA6D-415D-808D-B5FF6751DAEB}.Debug|x64.ActiveCfg = Debug|x64
		{75DD450F-CA6D-415D-808D-B5FF6751DAEB}.Debug|x64.Build.0 = Debug|x64
		{75DD450F-CA6D-415D-808D-B5FF6751DAEB}.Debug|x86.ActiveCfg = Debug|Win32
		{75DD450F-CA6D-415D-808D-B5FF6751DAEB}.Debug|x86.Build.0 = Debug|Win32
		{75DD450F-CA6D-415D-808D-B5FF6751DAEB}.Release|x64.ActiveCfg = Release|x64
		{75DD450F-CA6D-415D-808D-B5FF6751DAEB}.Release|x64.Build.0 = Release|x64
		{75DD450F-CA6D-415D-808D-B5FF6751DAEB}.Release|x86.ActiveCfg = Release|Win32
		{75DD450F-CA6D-415D-808D-B5FF6751DAEB}.Release|x86.Build.0 = Release|Win32
		{6F95DC3E-5F82-478E-B5A4-76341D53AE7F}.Debug|x64.ActiveCfg = Debug|x64
		{6F95DC3E-5F82-478E-B5A4-76341D53AE7F}.Debug|x64.Build.0 = Debug|x64
		{6F95DC3E-5F82-478E-B5A4-76341D53AE7F}.Debug|x86.ActiveCfg = Debug|Win32
		{6F95DC3E-5F82-478E-B5A4-76341D53AE7F}.Debug|x86.Build.0 = Debug|Win32
		{6F95DC3E-5F82-478E-B5A4-76341D53AE7F}.Release|x64.ActiveCfg = Release|x64
		{6F95DC3E-5F82-478E-B5A4-76341D53AE7F}.Release|x64.Build.0 = Release|x64
		{6F95DC3E-5F82-478E-B5A4-76341D53AE7F}.Release|x86.ActiveCfg = Release|Win32
		{6F95DC3E-5F82-478E-B5A4-76341D53AE7F}.Release|x86.Build.0 = Release|Win32
		{5B01D9D8-B48E-4A81-87E4-B4D5EC9A2849}.Debug|x64.ActiveCfg = Debug|x64
		{5B01D9D8-B48E-4A81-87E4-B4D5EC9A2849}.Debug|x64.Build.0 = Debug|x64
		{5B01D9D8-B48E-4A81-87E4-B4D5EC9A2849}.Debug|x86.ActiveCfg = Debug|Win32
		{5B01D9D8-B48E-4A81-87E4-B4D5EC9A2849}.Debug|x86.Build.0 = Debug|Win32
		{5B01D9D8-B48E-4A81-87E4-B4D5EC9A2849}.Release|x64.ActiveCfg = Release|x64
		{5B01D9D8-B48E-4A81-87E4-B4D5EC9A2849}.Release|x64.Build.0 = Release|x64
		{5B01D9D8-B48E-4A81-87E4-B4D5EC9A2849}.Release|x86.ActiveCfg = Release|Win32
		{5B01D9D8-B48E-4A81-87E4-B4D5EC9A2849}.Release|x86.Build.0 = Release|Win32
		{AA675E59-F275-479B-842E-E60ACD65E22C}.Debug|x64.ActiveCfg = Debug|x64
		{AA675E59-F275-479B-842E-E60ACD65E22C}.Debug|x64.Build.0 = Debug|x64
		{AA675E59-F275-479B-842E-E60ACD65E22C}.Debug|x86.ActiveCfg = Debug|Win32
		{AA675E59-F275-479B-842E-E60ACD65E22C}.Debug|x86.Build.0 = Debug|Win32
		{AA675E59-F275-479B-842E-E60ACD65E22C}.Release|x64.ActiveCfg = Release|x64
		{AA675E59-F275-479B-842E-E60ACD65E22C}.Release|x64.Build.0 = Release|x64
		{AA675E59-F275-479B-842E-E60ACD65E22C}.Release|x86.ActiveCfg = Release|Win32
		{AA675E59-F275-479B-842E-E60ACD65E22C}.Release|x86.Build.0 = Release|Win32
		{77CAF16E-827E-4982-87D6-FA2348B29B21}.Debug|x64.ActiveCfg = Debug|x64
		{77CAF16E-827E-4982-87D6-FA2348B29B21}.Debug|x64.Build.0 = Debug|x64
		{77CAF16E-827E-4982-87D6-FA2348B29B21}.Debug|x86.ActiveCfg = Debug|x64
		{77CAF16E-827E-4982-87D6-FA2348B29B21}.Release|x64.ActiveCfg = Release|x64
		{77CAF16E-827E-4982-87D6-FA2348B29B21}.Release|x64.Build.0 = Release|x64
		{77CAF16E-827E-4982-87D6-FA2348B29B21}.Release|x86.ActiveCfg = Release|x64
		{07DA33C0-B355-4BD5-91F3-7D5C2BD86573}.Debug|x64.ActiveCfg = Debug|x64
		{07DA33C0-B355-4BD5-91F3-7D5C2BD86573}.Debug|x64.Build.0 = Debug|x64
		{07DA33C0-B355-4BD5-91F3-7D5C2BD86573}.Debug|x86.ActiveCfg = Debug|Win32
		{07DA33C0-B355-4BD5-91F3-7D5C2BD86573}.Debug|x86.Build.0 = Debug|Win32
		{07DA33C0-B355-4BD5-91F3-7D5C2BD86573}.Release|x64.ActiveCfg = Release|x64
		{07DA33C0-B355-4BD5-91F3-7D5C2BD86573}.Release|x64.Build.0 = Release|x64
		{07DA33C0-B355-4BD5-91F3-7D5C2BD86573}.Release|x86.ActiveCfg = Release|Win32
		{07DA33C0-B355-4BD5-91F3-7D5C2BD86573}.Release|x86.Build.0 = Release|Win32
	EndGlobalSection
	GlobalSection(SolutionProperties) = preSolution
		HideSolutionNode = FALSE
	EndGlobalSection
	GlobalSection(NestedProjects) = preSolution
		{8061989D-DF11-496C-AF50-3A380FAB436A} = {538E2452-E7F5-4FCB-8BB4-390D63EBABAF}
		{E8249999-AA67-4E04-ACB5-ADAA038CE589} = {538E2452-E7F5-4FCB-8BB4-390D63EBABAF}
		{EF9F273A-2303-44AB-9485-B9FD4071663D} = {538E2452-E7F5-4FCB-8BB4-390D63EBABAF}
		{A3B7ACE3-4013-44C9-BFD0-C7C10FD6B709} = {538E2452-E7F5-4FCB-8BB4-390D63EBABAF}
		{FF6DCD49-F069-34E5-A385-B82CB8EBF88D} = {4EC88C8A-1CB8-4DE7-90AA-13271BA4D85E}
		{6F95DC3E-5F82-478E-B5A4-76341D53AE7F} = {538E2452-E7F5-4FCB-8BB4-390D63EBABAF}
		{5B01D9D8-B48E-4A81-87E4-B4D5EC9A2849} = {538E2452-E7F5-4FCB-8BB4-390D63EBABAF}
		{AA675E59-F275-479B-842E-E60ACD65E22C} = {538E2452-E7F5-4FCB-8BB4-390D63EBABAF}
		{07DA33C0-B355-4BD5-91F3-7D5C2BD86573} = {538E2452-E7F5-4FCB-8BB4-390D63EBABAF}
	EndGlobalSection
	GlobalSection(ExtensibilityGlobals) = postSolution
		SolutionGuid = {39CBE48C-AE02-4207-8AE0-74B21A939B18}
	EndGlobalSection
EndGlobal
