
Microsoft Visual Studio Solution File, Format Version 12.00
# Visual Studio Version 16
VisualStudioVersion = 16.0.31321.278
MinimumVisualStudioVersion = 10.0.40219.1
Project("{8BC9CEB8-8B4A-11D0-8D11-00A0C91BC942}") = "ObliquePhotographyData", "ObliquePhotographyData\ObliquePhotographyData.vcxproj", "{983716C5-47D1-4FF5-A982-AA578144F2B2}"
EndProject
Project("{8BC9CEB8-8B4A-11D0-8D11-00A0C91BC942}") = "Unit_Test_001 (load_point_cloud_tile)", "UnitTests\Unit_Test_001\Unit_Test_001.vcxproj", "{8061989D-DF11-496C-AF50-3A380FAB436A}"
EndProject
Project("{2150E333-8FDC-42A3-9474-1A3956D46DE8}") = "Unit Tests", "Unit Tests", "{538E2452-E7F5-4FCB-8BB4-390D63EBABAF}"
EndProject
Project("{8BC9CEB8-8B4A-11D0-8D11-00A0C91BC942}") = "Unit_Test_002 (load_point_cloud_scene)", "UnitTests\Unit_Test_002\Unit_Test_002.vcxproj", "{E8249999-AA67-4E04-ACB5-ADAA038CE589}"
EndProject
Project("{8BC9CEB8-8B4A-11D0-8D11-00A0C91BC942}") = "ObliquePhotographyData_Lib", "ObliquePhotographyData_Lib\ObliquePhotographyData_Lib.vcxproj", "{3757D1FB-EDDB-4D14-803B-4D692A7D175B}"
EndProject
Project("{8BC9CEB8-8B4A-11D0-8D11-00A0C91BC942}") = "PCLVisualization", "visualization\pcl_visualization.vcxproj", "{FF6DCD49-F069-34E5-A385-B82CB8EBF88D}"
EndProject
Project("{2150E333-8FDC-42A3-9474-1A3956D46DE8}") = "Third Party", "Third Party", "{4EC88C8A-1CB8-4DE7-90AA-13271BA4D85E}"
EndProject
Project("{8BC9CEB8-8B4A-11D0-8D11-00A0C91BC942}") = "Visualizer", "Visualizer\Visualization.vcxproj", "{6673A1F9-724D-47A0-8159-6CA26B818506}"
EndProject
Project("{8BC9CEB8-8B4A-11D0-8D11-00A0C91BC942}") = "Visualizer_Lib", "Visualizer_Lib\Visualization_Lib.vcxproj", "{75DD450F-CA6D-415D-808D-B5FF6751DAEB}"
EndProject
Project("{8BC9CEB8-8B4A-11D0-8D11-00A0C91BC942}") = "QTInterface", "QTInterface\QTInterface.vcxproj", "{77CAF16E-827E-4982-87D6-FA2348B29B21}"
EndProject
Project("{8BC9CEB8-8B4A-11D0-8D11-00A0C91BC942}") = "PointCloudRetouch", "PointCloudRetouch\PointCloudRetouch.vcxproj", "{60928201-7A4D-49DF-9579-3CCDDE7A134F}"
EndProject
Project("{8BC9CEB8-8B4A-11D0-8D11-00A0C91BC942}") = "Unit_Test_010 (init_point_cloud_retouch)", "UnitTests\Unit_Test_010\Unit_Test_010.vcxproj", "{1EE2CBE0-E9E7-4C4B-9F9D-067EBD033471}"
EndProject
Project("{8BC9CEB8-8B4A-11D0-8D11-00A0C91BC942}") = "PointCloudRetouch_Lib", "PointCloudRetouch_Lib\PointCloudRetouch_Lib.vcxproj", "{87879AC2-2E99-42C7-8FF9-A456D9350873}"
EndProject
Project("{8BC9CEB8-8B4A-11D0-8D11-00A0C91BC942}") = "Unit_Test_011 (create_initial_cluster)", "UnitTests\Unit_Test_011\Unit_Test_011.vcxproj", "{3303C534-5DC3-4158-9633-AB8810170EEE}"
EndProject
Project("{8BC9CEB8-8B4A-11D0-8D11-00A0C91BC942}") = "Unit_Test_012 (point_cluster)", "UnitTests\Unit_Test_012\Unit_Test_012.vcxproj", "{401501D2-133D-492F-BC33-DC73FCF6944E}"
EndProject
Project("{8BC9CEB8-8B4A-11D0-8D11-00A0C91BC942}") = "Unit_Test_013 (point_label_set)", "UnitTests\Unit_Test_013\Unit_Test_013.vcxproj", "{F3F81406-3854-473B-8C09-57151C59879D}"
EndProject
Project("{8BC9CEB8-8B4A-11D0-8D11-00A0C91BC942}") = "Unit_Test_014 (point_cluster_expander)", "UnitTests\Unit_Test_014\Unit_Test_014.vcxproj", "{37D61939-0109-4061-BF1B-C9CFD7CE1402}"
EndProject
Project("{8BC9CEB8-8B4A-11D0-8D11-00A0C91BC942}") = "Unit_Test_015 (feature)", "UnitTests\Unit_Test_015\Unit_Test_015.vcxproj", "{58566067-BF93-4F15-A99B-247F7C320C77}"
EndProject
Project("{8BC9CEB8-8B4A-11D0-8D11-00A0C91BC942}") = "Unit_Test_016 (neighborhood_builder)", "UnitTests\Unit_Test_016\Unit_Test_016.vcxproj", "{01B846B9-E100-46F2-A764-4A8D63E11375}"
EndProject
Project("{8BC9CEB8-8B4A-11D0-8D11-00A0C91BC942}") = "Unit_Test_017 (selecting)", "UnitTests\Unit_Test_017\Unit_Test_017.vcxproj", "{33E77495-AC7A-4C69-B498-DCE74A48397C}"
EndProject
Project("{2150E333-8FDC-42A3-9474-1A3956D46DE8}") = "Integration Tests", "Integration Tests", "{0ED66540-E913-4B7E-B88E-3A84508CCE63}"
EndProject
Project("{8BC9CEB8-8B4A-11D0-8D11-00A0C91BC942}") = "Integration_Test_001(highlight_point_set)", "IntergrationTests\Integration_Test_001\Integration_Test_001.vcxproj", "{95ABEF10-4741-4162-93CC-6B3D1FAB252A}"
EndProject
Project("{8BC9CEB8-8B4A-11D0-8D11-00A0C91BC942}") = "Integration_Test_002(single_step_expand)", "IntergrationTests\Integration_Test_002\Integration_Test_002.vcxproj", "{732A8EE3-B788-471E-B4CF-801F7C705AC8}"
EndProject
Project("{2150E333-8FDC-42A3-9474-1A3956D46DE8}") = "markdown", "markdown", "{D58CE4FB-BDF9-4589-A050-3327EBE37EB3}"
	ProjectSection(SolutionItems) = preProject
		UnitTests\Markdown\Report7.7.md = UnitTests\Markdown\Report7.7.md
	EndProjectSection
EndProject
Project("{8BC9CEB8-8B4A-11D0-8D11-00A0C91BC942}") = "Unit_Test_009 (outlier_detector)", "UnitTests\Unit_Test_009\Unit_Test_009.vcxproj", "{4328358C-5988-4654-9998-BF998A36A4EE}"
EndProject
Project("{2150E333-8FDC-42A3-9474-1A3956D46DE8}") = "PlayList", "PlayList", "{3856D3BE-A34C-45FB-8DDE-2A37356FBA4C}"
	ProjectSection(SolutionItems) = preProject
		UnitTests\PlayList\Fail.playlist = UnitTests\PlayList\Fail.playlist
		UnitTests\PlayList\Pass.playlist = UnitTests\PlayList\Pass.playlist
	EndProjectSection
EndProject
Project("{8BC9CEB8-8B4A-11D0-8D11-00A0C91BC942}") = "Unit_Test_010 (init_point_cloud_retouch)", "UnitTests\Unit_Test_008\Unit_Test_008.vcxproj", "{0A18A5E2-DD92-4F65-ABF2-812393B4BC3D}"
EndProject
Global
	GlobalSection(SolutionConfigurationPlatforms) = preSolution
		Debug|x64 = Debug|x64
		Debug|x86 = Debug|x86
		Release|x64 = Release|x64
		Release|x86 = Release|x86
	EndGlobalSection
	GlobalSection(ProjectConfigurationPlatforms) = postSolution
		{983716C5-47D1-4FF5-A982-AA578144F2B2}.Debug|x64.ActiveCfg = Debug|x64
		{983716C5-47D1-4FF5-A982-AA578144F2B2}.Debug|x64.Build.0 = Debug|x64
		{983716C5-47D1-4FF5-A982-AA578144F2B2}.Debug|x86.ActiveCfg = Debug|Win32
		{983716C5-47D1-4FF5-A982-AA578144F2B2}.Debug|x86.Build.0 = Debug|Win32
		{983716C5-47D1-4FF5-A982-AA578144F2B2}.Release|x64.ActiveCfg = Release|x64
		{983716C5-47D1-4FF5-A982-AA578144F2B2}.Release|x64.Build.0 = Release|x64
		{983716C5-47D1-4FF5-A982-AA578144F2B2}.Release|x86.ActiveCfg = Release|Win32
		{983716C5-47D1-4FF5-A982-AA578144F2B2}.Release|x86.Build.0 = Release|Win32
		{8061989D-DF11-496C-AF50-3A380FAB436A}.Debug|x64.ActiveCfg = Debug|x64
		{8061989D-DF11-496C-AF50-3A380FAB436A}.Debug|x64.Build.0 = Debug|x64
		{8061989D-DF11-496C-AF50-3A380FAB436A}.Debug|x86.ActiveCfg = Debug|Win32
		{8061989D-DF11-496C-AF50-3A380FAB436A}.Debug|x86.Build.0 = Debug|Win32
		{8061989D-DF11-496C-AF50-3A380FAB436A}.Release|x64.ActiveCfg = Release|x64
		{8061989D-DF11-496C-AF50-3A380FAB436A}.Release|x64.Build.0 = Release|x64
		{8061989D-DF11-496C-AF50-3A380FAB436A}.Release|x86.ActiveCfg = Release|Win32
		{8061989D-DF11-496C-AF50-3A380FAB436A}.Release|x86.Build.0 = Release|Win32
		{E8249999-AA67-4E04-ACB5-ADAA038CE589}.Debug|x64.ActiveCfg = Debug|x64
		{E8249999-AA67-4E04-ACB5-ADAA038CE589}.Debug|x64.Build.0 = Debug|x64
		{E8249999-AA67-4E04-ACB5-ADAA038CE589}.Debug|x86.ActiveCfg = Debug|Win32
		{E8249999-AA67-4E04-ACB5-ADAA038CE589}.Debug|x86.Build.0 = Debug|Win32
		{E8249999-AA67-4E04-ACB5-ADAA038CE589}.Release|x64.ActiveCfg = Release|x64
		{E8249999-AA67-4E04-ACB5-ADAA038CE589}.Release|x64.Build.0 = Release|x64
		{E8249999-AA67-4E04-ACB5-ADAA038CE589}.Release|x86.ActiveCfg = Release|Win32
		{E8249999-AA67-4E04-ACB5-ADAA038CE589}.Release|x86.Build.0 = Release|Win32
		{3757D1FB-EDDB-4D14-803B-4D692A7D175B}.Debug|x64.ActiveCfg = Debug|x64
		{3757D1FB-EDDB-4D14-803B-4D692A7D175B}.Debug|x64.Build.0 = Debug|x64
		{3757D1FB-EDDB-4D14-803B-4D692A7D175B}.Debug|x86.ActiveCfg = Debug|Win32
		{3757D1FB-EDDB-4D14-803B-4D692A7D175B}.Debug|x86.Build.0 = Debug|Win32
		{3757D1FB-EDDB-4D14-803B-4D692A7D175B}.Release|x64.ActiveCfg = Release|x64
		{3757D1FB-EDDB-4D14-803B-4D692A7D175B}.Release|x64.Build.0 = Release|x64
		{3757D1FB-EDDB-4D14-803B-4D692A7D175B}.Release|x86.ActiveCfg = Release|Win32
		{3757D1FB-EDDB-4D14-803B-4D692A7D175B}.Release|x86.Build.0 = Release|Win32
		{FF6DCD49-F069-34E5-A385-B82CB8EBF88D}.Debug|x64.ActiveCfg = Debug|x64
		{FF6DCD49-F069-34E5-A385-B82CB8EBF88D}.Debug|x64.Build.0 = Debug|x64
		{FF6DCD49-F069-34E5-A385-B82CB8EBF88D}.Debug|x86.ActiveCfg = Debug|x64
		{FF6DCD49-F069-34E5-A385-B82CB8EBF88D}.Release|x64.ActiveCfg = Release|x64
		{FF6DCD49-F069-34E5-A385-B82CB8EBF88D}.Release|x64.Build.0 = Release|x64
		{FF6DCD49-F069-34E5-A385-B82CB8EBF88D}.Release|x86.ActiveCfg = Release|x64
		{6673A1F9-724D-47A0-8159-6CA26B818506}.Debug|x64.ActiveCfg = Debug|x64
		{6673A1F9-724D-47A0-8159-6CA26B818506}.Debug|x64.Build.0 = Debug|x64
		{6673A1F9-724D-47A0-8159-6CA26B818506}.Debug|x86.ActiveCfg = Debug|Win32
		{6673A1F9-724D-47A0-8159-6CA26B818506}.Debug|x86.Build.0 = Debug|Win32
		{6673A1F9-724D-47A0-8159-6CA26B818506}.Release|x64.ActiveCfg = Release|x64
		{6673A1F9-724D-47A0-8159-6CA26B818506}.Release|x64.Build.0 = Release|x64
		{6673A1F9-724D-47A0-8159-6CA26B818506}.Release|x86.ActiveCfg = Release|Win32
		{6673A1F9-724D-47A0-8159-6CA26B818506}.Release|x86.Build.0 = Release|Win32
		{75DD450F-CA6D-415D-808D-B5FF6751DAEB}.Debug|x64.ActiveCfg = Debug|x64
		{75DD450F-CA6D-415D-808D-B5FF6751DAEB}.Debug|x64.Build.0 = Debug|x64
		{75DD450F-CA6D-415D-808D-B5FF6751DAEB}.Debug|x86.ActiveCfg = Debug|Win32
		{75DD450F-CA6D-415D-808D-B5FF6751DAEB}.Debug|x86.Build.0 = Debug|Win32
		{75DD450F-CA6D-415D-808D-B5FF6751DAEB}.Release|x64.ActiveCfg = Release|x64
		{75DD450F-CA6D-415D-808D-B5FF6751DAEB}.Release|x64.Build.0 = Release|x64
		{75DD450F-CA6D-415D-808D-B5FF6751DAEB}.Release|x86.ActiveCfg = Release|Win32
		{75DD450F-CA6D-415D-808D-B5FF6751DAEB}.Release|x86.Build.0 = Release|Win32
		{77CAF16E-827E-4982-87D6-FA2348B29B21}.Debug|x64.ActiveCfg = Debug|x64
		{77CAF16E-827E-4982-87D6-FA2348B29B21}.Debug|x64.Build.0 = Debug|x64
		{77CAF16E-827E-4982-87D6-FA2348B29B21}.Debug|x86.ActiveCfg = Debug|x64
		{77CAF16E-827E-4982-87D6-FA2348B29B21}.Release|x64.ActiveCfg = Release|x64
		{77CAF16E-827E-4982-87D6-FA2348B29B21}.Release|x64.Build.0 = Release|x64
		{77CAF16E-827E-4982-87D6-FA2348B29B21}.Release|x86.ActiveCfg = Release|x64
		{60928201-7A4D-49DF-9579-3CCDDE7A134F}.Debug|x64.ActiveCfg = Debug|x64
		{60928201-7A4D-49DF-9579-3CCDDE7A134F}.Debug|x64.Build.0 = Debug|x64
		{60928201-7A4D-49DF-9579-3CCDDE7A134F}.Debug|x86.ActiveCfg = Debug|Win32
		{60928201-7A4D-49DF-9579-3CCDDE7A134F}.Debug|x86.Build.0 = Debug|Win32
		{60928201-7A4D-49DF-9579-3CCDDE7A134F}.Release|x64.ActiveCfg = Release|x64
		{60928201-7A4D-49DF-9579-3CCDDE7A134F}.Release|x64.Build.0 = Release|x64
		{60928201-7A4D-49DF-9579-3CCDDE7A134F}.Release|x86.ActiveCfg = Release|Win32
		{60928201-7A4D-49DF-9579-3CCDDE7A134F}.Release|x86.Build.0 = Release|Win32
		{1EE2CBE0-E9E7-4C4B-9F9D-067EBD033471}.Debug|x64.ActiveCfg = Debug|x64
		{1EE2CBE0-E9E7-4C4B-9F9D-067EBD033471}.Debug|x64.Build.0 = Debug|x64
		{1EE2CBE0-E9E7-4C4B-9F9D-067EBD033471}.Debug|x86.ActiveCfg = Debug|Win32
		{1EE2CBE0-E9E7-4C4B-9F9D-067EBD033471}.Debug|x86.Build.0 = Debug|Win32
		{1EE2CBE0-E9E7-4C4B-9F9D-067EBD033471}.Release|x64.ActiveCfg = Release|x64
		{1EE2CBE0-E9E7-4C4B-9F9D-067EBD033471}.Release|x64.Build.0 = Release|x64
		{1EE2CBE0-E9E7-4C4B-9F9D-067EBD033471}.Release|x86.ActiveCfg = Release|Win32
		{1EE2CBE0-E9E7-4C4B-9F9D-067EBD033471}.Release|x86.Build.0 = Release|Win32
		{87879AC2-2E99-42C7-8FF9-A456D9350873}.Debug|x64.ActiveCfg = Debug|x64
		{87879AC2-2E99-42C7-8FF9-A456D9350873}.Debug|x64.Build.0 = Debug|x64
		{87879AC2-2E99-42C7-8FF9-A456D9350873}.Debug|x86.ActiveCfg = Debug|Win32
		{87879AC2-2E99-42C7-8FF9-A456D9350873}.Debug|x86.Build.0 = Debug|Win32
		{87879AC2-2E99-42C7-8FF9-A456D9350873}.Release|x64.ActiveCfg = Release|x64
		{87879AC2-2E99-42C7-8FF9-A456D9350873}.Release|x64.Build.0 = Release|x64
		{87879AC2-2E99-42C7-8FF9-A456D9350873}.Release|x86.ActiveCfg = Release|Win32
		{87879AC2-2E99-42C7-8FF9-A456D9350873}.Release|x86.Build.0 = Release|Win32
		{3303C534-5DC3-4158-9633-AB8810170EEE}.Debug|x64.ActiveCfg = Debug|x64
		{3303C534-5DC3-4158-9633-AB8810170EEE}.Debug|x64.Build.0 = Debug|x64
		{3303C534-5DC3-4158-9633-AB8810170EEE}.Debug|x86.ActiveCfg = Debug|Win32
		{3303C534-5DC3-4158-9633-AB8810170EEE}.Debug|x86.Build.0 = Debug|Win32
		{3303C534-5DC3-4158-9633-AB8810170EEE}.Release|x64.ActiveCfg = Release|x64
		{3303C534-5DC3-4158-9633-AB8810170EEE}.Release|x64.Build.0 = Release|x64
		{3303C534-5DC3-4158-9633-AB8810170EEE}.Release|x86.ActiveCfg = Release|Win32
		{3303C534-5DC3-4158-9633-AB8810170EEE}.Release|x86.Build.0 = Release|Win32
		{401501D2-133D-492F-BC33-DC73FCF6944E}.Debug|x64.ActiveCfg = Debug|x64
		{401501D2-133D-492F-BC33-DC73FCF6944E}.Debug|x64.Build.0 = Debug|x64
		{401501D2-133D-492F-BC33-DC73FCF6944E}.Debug|x86.ActiveCfg = Debug|Win32
		{401501D2-133D-492F-BC33-DC73FCF6944E}.Debug|x86.Build.0 = Debug|Win32
		{401501D2-133D-492F-BC33-DC73FCF6944E}.Release|x64.ActiveCfg = Release|x64
		{401501D2-133D-492F-BC33-DC73FCF6944E}.Release|x64.Build.0 = Release|x64
		{401501D2-133D-492F-BC33-DC73FCF6944E}.Release|x86.ActiveCfg = Release|Win32
		{401501D2-133D-492F-BC33-DC73FCF6944E}.Release|x86.Build.0 = Release|Win32
		{F3F81406-3854-473B-8C09-57151C59879D}.Debug|x64.ActiveCfg = Debug|x64
		{F3F81406-3854-473B-8C09-57151C59879D}.Debug|x64.Build.0 = Debug|x64
		{F3F81406-3854-473B-8C09-57151C59879D}.Debug|x86.ActiveCfg = Debug|Win32
		{F3F81406-3854-473B-8C09-57151C59879D}.Debug|x86.Build.0 = Debug|Win32
		{F3F81406-3854-473B-8C09-57151C59879D}.Release|x64.ActiveCfg = Release|x64
		{F3F81406-3854-473B-8C09-57151C59879D}.Release|x64.Build.0 = Release|x64
		{F3F81406-3854-473B-8C09-57151C59879D}.Release|x86.ActiveCfg = Release|Win32
		{F3F81406-3854-473B-8C09-57151C59879D}.Release|x86.Build.0 = Release|Win32
		{37D61939-0109-4061-BF1B-C9CFD7CE1402}.Debug|x64.ActiveCfg = Debug|x64
		{37D61939-0109-4061-BF1B-C9CFD7CE1402}.Debug|x64.Build.0 = Debug|x64
		{37D61939-0109-4061-BF1B-C9CFD7CE1402}.Debug|x86.ActiveCfg = Debug|Win32
		{37D61939-0109-4061-BF1B-C9CFD7CE1402}.Debug|x86.Build.0 = Debug|Win32
		{37D61939-0109-4061-BF1B-C9CFD7CE1402}.Release|x64.ActiveCfg = Release|x64
		{37D61939-0109-4061-BF1B-C9CFD7CE1402}.Release|x64.Build.0 = Release|x64
		{37D61939-0109-4061-BF1B-C9CFD7CE1402}.Release|x86.ActiveCfg = Release|Win32
		{37D61939-0109-4061-BF1B-C9CFD7CE1402}.Release|x86.Build.0 = Release|Win32
		{58566067-BF93-4F15-A99B-247F7C320C77}.Debug|x64.ActiveCfg = Debug|x64
		{58566067-BF93-4F15-A99B-247F7C320C77}.Debug|x64.Build.0 = Debug|x64
		{58566067-BF93-4F15-A99B-247F7C320C77}.Debug|x86.ActiveCfg = Debug|Win32
		{58566067-BF93-4F15-A99B-247F7C320C77}.Debug|x86.Build.0 = Debug|Win32
		{58566067-BF93-4F15-A99B-247F7C320C77}.Release|x64.ActiveCfg = Release|x64
		{58566067-BF93-4F15-A99B-247F7C320C77}.Release|x64.Build.0 = Release|x64
		{58566067-BF93-4F15-A99B-247F7C320C77}.Release|x86.ActiveCfg = Release|Win32
		{58566067-BF93-4F15-A99B-247F7C320C77}.Release|x86.Build.0 = Release|Win32
		{01B846B9-E100-46F2-A764-4A8D63E11375}.Debug|x64.ActiveCfg = Debug|x64
		{01B846B9-E100-46F2-A764-4A8D63E11375}.Debug|x64.Build.0 = Debug|x64
		{01B846B9-E100-46F2-A764-4A8D63E11375}.Debug|x86.ActiveCfg = Debug|Win32
		{01B846B9-E100-46F2-A764-4A8D63E11375}.Debug|x86.Build.0 = Debug|Win32
		{01B846B9-E100-46F2-A764-4A8D63E11375}.Release|x64.ActiveCfg = Release|x64
		{01B846B9-E100-46F2-A764-4A8D63E11375}.Release|x64.Build.0 = Release|x64
		{01B846B9-E100-46F2-A764-4A8D63E11375}.Release|x86.ActiveCfg = Release|Win32
		{01B846B9-E100-46F2-A764-4A8D63E11375}.Release|x86.Build.0 = Release|Win32
		{33E77495-AC7A-4C69-B498-DCE74A48397C}.Debug|x64.ActiveCfg = Debug|x64
		{33E77495-AC7A-4C69-B498-DCE74A48397C}.Debug|x64.Build.0 = Debug|x64
		{33E77495-AC7A-4C69-B498-DCE74A48397C}.Debug|x86.ActiveCfg = Debug|Win32
		{33E77495-AC7A-4C69-B498-DCE74A48397C}.Debug|x86.Build.0 = Debug|Win32
		{33E77495-AC7A-4C69-B498-DCE74A48397C}.Release|x64.ActiveCfg = Release|x64
		{33E77495-AC7A-4C69-B498-DCE74A48397C}.Release|x64.Build.0 = Release|x64
		{33E77495-AC7A-4C69-B498-DCE74A48397C}.Release|x86.ActiveCfg = Release|Win32
		{33E77495-AC7A-4C69-B498-DCE74A48397C}.Release|x86.Build.0 = Release|Win32
		{95ABEF10-4741-4162-93CC-6B3D1FAB252A}.Debug|x64.ActiveCfg = Debug|x64
		{95ABEF10-4741-4162-93CC-6B3D1FAB252A}.Debug|x64.Build.0 = Debug|x64
		{95ABEF10-4741-4162-93CC-6B3D1FAB252A}.Debug|x86.ActiveCfg = Debug|x64
		{95ABEF10-4741-4162-93CC-6B3D1FAB252A}.Release|x64.ActiveCfg = Release|x64
		{95ABEF10-4741-4162-93CC-6B3D1FAB252A}.Release|x64.Build.0 = Release|x64
		{95ABEF10-4741-4162-93CC-6B3D1FAB252A}.Release|x86.ActiveCfg = Release|x64
		{732A8EE3-B788-471E-B4CF-801F7C705AC8}.Debug|x64.ActiveCfg = Debug|x64
		{732A8EE3-B788-471E-B4CF-801F7C705AC8}.Debug|x64.Build.0 = Debug|x64
		{732A8EE3-B788-471E-B4CF-801F7C705AC8}.Debug|x86.ActiveCfg = Debug|x64
		{732A8EE3-B788-471E-B4CF-801F7C705AC8}.Release|x64.ActiveCfg = Release|x64
		{732A8EE3-B788-471E-B4CF-801F7C705AC8}.Release|x64.Build.0 = Release|x64
		{732A8EE3-B788-471E-B4CF-801F7C705AC8}.Release|x86.ActiveCfg = Release|x64
		{4328358C-5988-4654-9998-BF998A36A4EE}.Debug|x64.ActiveCfg = Debug|x64
		{4328358C-5988-4654-9998-BF998A36A4EE}.Debug|x64.Build.0 = Debug|x64
		{4328358C-5988-4654-9998-BF998A36A4EE}.Debug|x86.ActiveCfg = Debug|Win32
		{4328358C-5988-4654-9998-BF998A36A4EE}.Debug|x86.Build.0 = Debug|Win32
		{4328358C-5988-4654-9998-BF998A36A4EE}.Release|x64.ActiveCfg = Release|x64
		{4328358C-5988-4654-9998-BF998A36A4EE}.Release|x64.Build.0 = Release|x64
		{4328358C-5988-4654-9998-BF998A36A4EE}.Release|x86.ActiveCfg = Release|Win32
		{4328358C-5988-4654-9998-BF998A36A4EE}.Release|x86.Build.0 = Release|Win32
		{0A18A5E2-DD92-4F65-ABF2-812393B4BC3D}.Debug|x64.ActiveCfg = Debug|x64
		{0A18A5E2-DD92-4F65-ABF2-812393B4BC3D}.Debug|x64.Build.0 = Debug|x64
		{0A18A5E2-DD92-4F65-ABF2-812393B4BC3D}.Debug|x86.ActiveCfg = Debug|Win32
		{0A18A5E2-DD92-4F65-ABF2-812393B4BC3D}.Debug|x86.Build.0 = Debug|Win32
		{0A18A5E2-DD92-4F65-ABF2-812393B4BC3D}.Release|x64.ActiveCfg = Release|x64
		{0A18A5E2-DD92-4F65-ABF2-812393B4BC3D}.Release|x64.Build.0 = Release|x64
		{0A18A5E2-DD92-4F65-ABF2-812393B4BC3D}.Release|x86.ActiveCfg = Release|Win32
		{0A18A5E2-DD92-4F65-ABF2-812393B4BC3D}.Release|x86.Build.0 = Release|Win32
	EndGlobalSection
	GlobalSection(SolutionProperties) = preSolution
		HideSolutionNode = FALSE
	EndGlobalSection
	GlobalSection(NestedProjects) = preSolution
		{8061989D-DF11-496C-AF50-3A380FAB436A} = {538E2452-E7F5-4FCB-8BB4-390D63EBABAF}
		{E8249999-AA67-4E04-ACB5-ADAA038CE589} = {538E2452-E7F5-4FCB-8BB4-390D63EBABAF}
		{FF6DCD49-F069-34E5-A385-B82CB8EBF88D} = {4EC88C8A-1CB8-4DE7-90AA-13271BA4D85E}
		{1EE2CBE0-E9E7-4C4B-9F9D-067EBD033471} = {538E2452-E7F5-4FCB-8BB4-390D63EBABAF}
		{3303C534-5DC3-4158-9633-AB8810170EEE} = {538E2452-E7F5-4FCB-8BB4-390D63EBABAF}
		{401501D2-133D-492F-BC33-DC73FCF6944E} = {538E2452-E7F5-4FCB-8BB4-390D63EBABAF}
		{F3F81406-3854-473B-8C09-57151C59879D} = {538E2452-E7F5-4FCB-8BB4-390D63EBABAF}
		{37D61939-0109-4061-BF1B-C9CFD7CE1402} = {538E2452-E7F5-4FCB-8BB4-390D63EBABAF}
		{58566067-BF93-4F15-A99B-247F7C320C77} = {538E2452-E7F5-4FCB-8BB4-390D63EBABAF}
		{01B846B9-E100-46F2-A764-4A8D63E11375} = {538E2452-E7F5-4FCB-8BB4-390D63EBABAF}
		{33E77495-AC7A-4C69-B498-DCE74A48397C} = {538E2452-E7F5-4FCB-8BB4-390D63EBABAF}
		{95ABEF10-4741-4162-93CC-6B3D1FAB252A} = {0ED66540-E913-4B7E-B88E-3A84508CCE63}
		{732A8EE3-B788-471E-B4CF-801F7C705AC8} = {0ED66540-E913-4B7E-B88E-3A84508CCE63}
		{D58CE4FB-BDF9-4589-A050-3327EBE37EB3} = {538E2452-E7F5-4FCB-8BB4-390D63EBABAF}
		{4328358C-5988-4654-9998-BF998A36A4EE} = {538E2452-E7F5-4FCB-8BB4-390D63EBABAF}
		{3856D3BE-A34C-45FB-8DDE-2A37356FBA4C} = {538E2452-E7F5-4FCB-8BB4-390D63EBABAF}
		{D58CE4FB-BDF9-4589-A050-3327EBE37EB3} = {538E2452-E7F5-4FCB-8BB4-390D63EBABAF}
		{4328358C-5988-4654-9998-BF998A36A4EE} = {538E2452-E7F5-4FCB-8BB4-390D63EBABAF}
		{D58CE4FB-BDF9-4589-A050-3327EBE37EB3} = {538E2452-E7F5-4FCB-8BB4-390D63EBABAF}
		{0A18A5E2-DD92-4F65-ABF2-812393B4BC3D} = {538E2452-E7F5-4FCB-8BB4-390D63EBABAF}
	EndGlobalSection
	GlobalSection(ExtensibilityGlobals) = postSolution
		SolutionGuid = {39CBE48C-AE02-4207-8AE0-74B21A939B18}
	EndGlobalSection
EndGlobal
