<?xml version="1.0" encoding="utf-8"?>
<Project ToolsVersion="4.0" xmlns="http://schemas.microsoft.com/developer/msbuild/2003">
  <ItemGroup>
    <Filter Include="Neighborhood">
      <UniqueIdentifier>{9068969e-ad50-4462-bd3e-513e33235718}</UniqueIdentifier>
    </Filter>
    <Filter Include="Scene">
      <UniqueIdentifier>{28b40934-5660-4cd6-8023-5dbe95077e0b}</UniqueIdentifier>
    </Filter>
    <Filter Include="PointClassfier">
      <UniqueIdentifier>{1450fe09-043e-46f1-b3ff-11c8a65f6653}</UniqueIdentifier>
    </Filter>
    <Filter Include="PointClassfier\BinaryClassifierAlg">
      <UniqueIdentifier>{92edc354-72c6-48ab-bf58-2431d81bf79b}</UniqueIdentifier>
    </Filter>
    <Filter Include="PointClassfier\SpatialClusteringAlg">
      <UniqueIdentifier>{06422865-b59d-4faf-9ff1-6831e81c0c98}</UniqueIdentifier>
    </Filter>
    <Filter Include="PointClassfier\RegionGrowingAlg">
      <UniqueIdentifier>{17666b75-d24b-4196-ac46-df9f5f44747c}</UniqueIdentifier>
    </Filter>
    <Filter Include="PointClassfier\OutlierDetectingAlg">
      <UniqueIdentifier>{422f9770-32ed-41db-b2b5-380be957ea8c}</UniqueIdentifier>
    </Filter>
    <Filter Include="PointClassfier\SpatialClusteringAlg\Config">
      <UniqueIdentifier>{1d7d4503-3620-430e-8170-b94078201c37}</UniqueIdentifier>
    </Filter>
  </ItemGroup>
  <ItemGroup>
    <ClInclude Include="NeighborhoodBuilder.h">
      <Filter>Neighborhood</Filter>
    </ClInclude>
    <ClInclude Include="Neighborhood.h">
      <Filter>Neighborhood</Filter>
    </ClInclude>
    <ClInclude Include="PointClassifier.h">
      <Filter>PointClassfier</Filter>
    </ClInclude>
    <ClInclude Include="PointCloudAutoRetouchScene.h">
      <Filter>Scene</Filter>
    </ClInclude>
    <ClInclude Include="OpResult.h">
      <Filter>Scene</Filter>
    </ClInclude>
    <ClInclude Include="OpResultQueue.h">
      <Filter>Scene</Filter>
    </ClInclude>
    <ClInclude Include="PointCluster.h">
      <Filter>PointClassfier</Filter>
    </ClInclude>
    <ClInclude Include="AutoRetouchExport.h" />
    <ClInclude Include="AutoRetouchInterface.h" />
    <ClInclude Include="framework.h" />
    <ClInclude Include="pch.h" />
    <ClInclude Include="PointLabel4Classfier.h">
      <Filter>PointClassfier</Filter>
    </ClInclude>
    <ClInclude Include="AutoRetouchCommon.h" />
    <ClInclude Include="PointLabelChangeRecord.h">
      <Filter>Scene</Filter>
    </ClInclude>
    <ClInclude Include="CompositeClassifier.h">
      <Filter>PointClassfier</Filter>
    </ClInclude>
    <ClInclude Include="BinaryClassifierAlg.h">
      <Filter>PointClassfier\BinaryClassifierAlg</Filter>
    </ClInclude>
    <ClInclude Include="BinaryClassifierAlgByVFH.h">
      <Filter>PointClassfier\BinaryClassifierAlg</Filter>
    </ClInclude>
    <ClInclude Include="SpatialClusteringAlg.h">
      <Filter>PointClassfier\SpatialClusteringAlg</Filter>
    </ClInclude>
    <ClInclude Include="MaxVisibilityClusterAlg.h">
      <Filter>PointClassfier\SpatialClusteringAlg</Filter>
    </ClInclude>
    <ClInclude Include="RegionGrowingAlg.h">
      <Filter>PointClassfier\RegionGrowingAlg</Filter>
    </ClInclude>
    <ClInclude Include="OutlierDetectingAlg.h">
      <Filter>PointClassfier\OutlierDetectingAlg</Filter>
    </ClInclude>
    <ClInclude Include="PointCluster4VFH.h">
      <Filter>PointClassfier\BinaryClassifierAlg</Filter>
    </ClInclude>
    <ClInclude Include="StatisticalOutlierAlg.h">
      <Filter>PointClassfier\OutlierDetectingAlg</Filter>
    </ClInclude>
    <ClInclude Include="SpatialClusterConfig.h">
      <Filter>PointClassfier\SpatialClusteringAlg\Config</Filter>
    </ClInclude>
    <ClInclude Include="ConfigCommon.h">
      <Filter>PointClassfier\SpatialClusteringAlg\Config</Filter>
    </ClInclude>
  </ItemGroup>
  <ItemGroup>
    <ClCompile Include="Neighborhood.cpp">
      <Filter>Neighborhood</Filter>
    </ClCompile>
    <ClCompile Include="PointCloudAutoRetouchScene.cpp">
      <Filter>Scene</Filter>
    </ClCompile>
    <ClCompile Include="OpResultQueue.cpp">
      <Filter>Scene</Filter>
    </ClCompile>
    <ClCompile Include="AutoRetouchInterface.cpp" />
    <ClCompile Include="dllmain.cpp" />
    <ClCompile Include="pch.cpp" />
    <ClCompile Include="PointLabel4Classfier.cpp">
      <Filter>PointClassfier</Filter>
    </ClCompile>
    <ClCompile Include="PointLabelChangeRecord.cpp">
      <Filter>Scene</Filter>
    </ClCompile>
    <ClCompile Include="CompositeClassifier.cpp">
      <Filter>PointClassfier</Filter>
    </ClCompile>
    <ClCompile Include="BinaryClassifierAlg.cpp">
      <Filter>PointClassfier\BinaryClassifierAlg</Filter>
    </ClCompile>
    <ClCompile Include="BinaryClassifierAlgByVFH.cpp">
      <Filter>PointClassfier\BinaryClassifierAlg</Filter>
    </ClCompile>
    <ClCompile Include="SpatialClusteringAlg.cpp">
      <Filter>PointClassfier\SpatialClusteringAlg</Filter>
    </ClCompile>
    <ClCompile Include="MaxVisibilityClusterAlg.cpp">
      <Filter>PointClassfier\SpatialClusteringAlg</Filter>
    </ClCompile>
    <ClCompile Include="RegionGrowingAlg.cpp">
      <Filter>PointClassfier\RegionGrowingAlg</Filter>
    </ClCompile>
    <ClCompile Include="OutlierDetectingAlg.cpp">
      <Filter>PointClassfier\OutlierDetectingAlg</Filter>
    </ClCompile>
    <ClCompile Include="PointCluster4VFH.cpp">
      <Filter>PointClassfier\BinaryClassifierAlg</Filter>
    </ClCompile>
    <ClCompile Include="StatisticalOutlierAlg.cpp">
      <Filter>PointClassfier\OutlierDetectingAlg</Filter>
    </ClCompile>
  </ItemGroup>
  <ItemGroup>
    <None Include="packages.config" />
  </ItemGroup>
  <ItemGroup>
    <Xml Include="SpatialClusterConfig.xml">
      <Filter>PointClassfier\SpatialClusteringAlg\Config</Filter>
    </Xml>
  </ItemGroup>
</Project>