<?xml version="1.0" encoding="utf-8"?>
<Project ToolsVersion="4.0" xmlns="http://schemas.microsoft.com/developer/msbuild/2003">
  <ItemGroup>
    <Filter Include="Neighborhood">
      <UniqueIdentifier>{9068969e-ad50-4462-bd3e-513e33235718}</UniqueIdentifier>
    </Filter>
    <Filter Include="ClutterEraser">
      <UniqueIdentifier>{1450fe09-043e-46f1-b3ff-11c8a65f6653}</UniqueIdentifier>
    </Filter>
    <Filter Include="Common">
      <UniqueIdentifier>{28b40934-5660-4cd6-8023-5dbe95077e0b}</UniqueIdentifier>
    </Filter>
  </ItemGroup>
  <ItemGroup>
    <ClInclude Include="NeighborhoodBuilder.h">
      <Filter>Neighborhood</Filter>
    </ClInclude>
    <ClInclude Include="Neighborhood.h">
      <Filter>Neighborhood</Filter>
    </ClInclude>
    <ClInclude Include="ClutterEraser.h">
      <Filter>ClutterEraser</Filter>
    </ClInclude>
    <ClInclude Include="AutoRetouchCommon.h">
      <Filter>Common</Filter>
    </ClInclude>
    <ClInclude Include="PointCloudAutoRetouchScene.h">
      <Filter>Common</Filter>
    </ClInclude>
    <ClInclude Include="Command.h">
      <Filter>Common</Filter>
    </ClInclude>
    <ClInclude Include="CommandQueue.h">
      <Filter>Common</Filter>
    </ClInclude>
    <ClInclude Include="PointCluster.h">
      <Filter>ClutterEraser</Filter>
    </ClInclude>
    <ClInclude Include="AutoRetouchExport.h" />
    <ClInclude Include="AutoRetouchInterface.h" />
    <ClInclude Include="framework.h" />
    <ClInclude Include="pch.h" />
  </ItemGroup>
  <ItemGroup>
    <ClCompile Include="Neighborhood.cpp">
      <Filter>Neighborhood</Filter>
    </ClCompile>
    <ClCompile Include="PointCluster.cpp">
      <Filter>ClutterEraser</Filter>
    </ClCompile>
    <ClCompile Include="PointCloudAutoRetouchScene.cpp">
      <Filter>Common</Filter>
    </ClCompile>
    <ClCompile Include="Command.cpp">
      <Filter>Common</Filter>
    </ClCompile>
    <ClCompile Include="CommandQueue.cpp">
      <Filter>Common</Filter>
    </ClCompile>
    <ClCompile Include="AutoRetouchInterface.cpp" />
    <ClCompile Include="dllmain.cpp" />
    <ClCompile Include="pch.cpp" />
  </ItemGroup>
  <ItemGroup>
    <None Include="packages.config" />
  </ItemGroup>
</Project>