<?xml version="1.0" encoding="utf-8"?>
<Project ToolsVersion="4.0" xmlns="http://schemas.microsoft.com/developer/msbuild/2003">
  <ItemGroup>
    <ClCompile Include="dllmain.cpp">
      <Filter>Source Files</Filter>
    </ClCompile>
    <ClCompile Include="pch.cpp">
      <Filter>Source Files</Filter>
    </ClCompile>
    <ClCompile Include="GroundIdentificationInterface.cpp">
      <Filter>Source Files</Filter>
    </ClCompile>
  </ItemGroup>
  <ItemGroup>
    <ClInclude Include="framework.h">
      <Filter>Header Files</Filter>
    </ClInclude>
    <ClInclude Include="GroundIdentificationCommon.h">
      <Filter>Header Files</Filter>
    </ClInclude>
    <ClInclude Include="GroundIdentificationConfig.h">
      <Filter>Header Files</Filter>
    </ClInclude>
    <ClInclude Include="GroundIdentificationExport.h">
      <Filter>Header Files</Filter>
    </ClInclude>
    <ClInclude Include="GroundIdentificationInterface.h">
      <Filter>Header Files</Filter>
    </ClInclude>
    <ClInclude Include="pch.h">
      <Filter>Header Files</Filter>
    </ClInclude>
  </ItemGroup>
  <ItemGroup>
    <None Include="packages.config" />
    <None Include="cpp.hint" />
  </ItemGroup>
  <ItemGroup>
    <Filter Include="Header Files">
      <UniqueIdentifier>{f2a5af96-b0c4-4b0f-a034-9a9a798f0f09}</UniqueIdentifier>
    </Filter>
    <Filter Include="Source Files">
      <UniqueIdentifier>{67dba1d6-8e57-44d8-8e58-8d861e37fe1d}</UniqueIdentifier>
    </Filter>
    <Filter Include="Resource Files">
      <UniqueIdentifier>{40956c42-cb88-485e-aa38-175e26bba5e6}</UniqueIdentifier>
    </Filter>
  </ItemGroup>
  <ItemGroup>
    <Xml Include="..\QTInterface\Config\GroundIdentificationConfig.xml">
      <Filter>Resource Files</Filter>
    </Xml>
  </ItemGroup>
</Project>