<?xml version="1.0" encoding="utf-8"?>
<Project ToolsVersion="16.0" xmlns="http://schemas.microsoft.com/developer/msbuild/2003">
  <ItemGroup>
    <ClInclude Include="include\pcl\visualization\area_picking_event.h">
      <Filter>Header Files</Filter>
    </ClInclude>
    <ClInclude Include="include\pcl\visualization\boost.h">
      <Filter>Header Files</Filter>
    </ClInclude>
    <ClInclude Include="include\pcl\visualization\cloud_viewer.h">
      <Filter>Header Files</Filter>
    </ClInclude>
    <ClInclude Include="include\pcl\visualization\eigen.h">
      <Filter>Header Files</Filter>
    </ClInclude>
    <ClInclude Include="include\pcl\visualization\histogram_visualizer.h">
      <Filter>Header Files</Filter>
    </ClInclude>
    <ClInclude Include="include\pcl\visualization\image_viewer.h">
      <Filter>Header Files</Filter>
    </ClInclude>
    <ClInclude Include="include\pcl\visualization\interactor_style.h">
      <Filter>Header Files</Filter>
    </ClInclude>
    <ClInclude Include="include\pcl\visualization\keyboard_event.h">
      <Filter>Header Files</Filter>
    </ClInclude>
    <ClInclude Include="include\pcl\visualization\mouse_event.h">
      <Filter>Header Files</Filter>
    </ClInclude>
    <ClInclude Include="include\pcl\visualization\pcl_painter2D.h">
      <Filter>Header Files</Filter>
    </ClInclude>
    <ClInclude Include="include\pcl\visualization\pcl_plotter.h">
      <Filter>Header Files</Filter>
    </ClInclude>
    <ClInclude Include="include\pcl\visualization\pcl_visualizer.h">
      <Filter>Header Files</Filter>
    </ClInclude>
    <ClInclude Include="include\pcl\visualization\point_cloud_color_handlers.h">
      <Filter>Header Files</Filter>
    </ClInclude>
    <ClInclude Include="include\pcl\visualization\point_cloud_geometry_handlers.h">
      <Filter>Header Files</Filter>
    </ClInclude>
    <ClInclude Include="include\pcl\visualization\point_cloud_handlers.h">
      <Filter>Header Files</Filter>
    </ClInclude>
    <ClInclude Include="include\pcl\visualization\point_picking_event.h">
      <Filter>Header Files</Filter>
    </ClInclude>
    <ClInclude Include="include\pcl\visualization\range_image_visualizer.h">
      <Filter>Header Files</Filter>
    </ClInclude>
    <ClInclude Include="include\pcl\visualization\registration_visualizer.h">
      <Filter>Header Files</Filter>
    </ClInclude>
    <ClInclude Include="include\pcl\visualization\simple_buffer_visualizer.h">
      <Filter>Header Files</Filter>
    </ClInclude>
    <ClInclude Include="include\pcl\visualization\vtk.h">
      <Filter>Header Files</Filter>
    </ClInclude>
    <ClInclude Include="include\pcl\visualization\window.h">
      <Filter>Header Files</Filter>
    </ClInclude>
    <ClInclude Include="include\pcl\visualization\vtk\pcl_context_item.h">
      <Filter>Header Files</Filter>
    </ClInclude>
    <ClInclude Include="include\pcl\visualization\vtk\pcl_image_canvas_source_2d.h">
      <Filter>Header Files</Filter>
    </ClInclude>
    <ClInclude Include="include\pcl\visualization\vtk\vtkRenderWindowInteractorFix.h">
      <Filter>Header Files</Filter>
    </ClInclude>
    <ClInclude Include="include\pcl\visualization\impl\histogram_visualizer.hpp">
      <Filter>Header Files</Filter>
    </ClInclude>
    <ClInclude Include="include\pcl\visualization\impl\image_viewer.hpp">
      <Filter>Header Files</Filter>
    </ClInclude>
    <ClInclude Include="include\pcl\visualization\impl\pcl_plotter.hpp">
      <Filter>Header Files</Filter>
    </ClInclude>
    <ClInclude Include="include\pcl\visualization\impl\pcl_visualizer.hpp">
      <Filter>Header Files</Filter>
    </ClInclude>
    <ClInclude Include="include\pcl\visualization\impl\point_cloud_color_handlers.hpp">
      <Filter>Header Files</Filter>
    </ClInclude>
    <ClInclude Include="include\pcl\visualization\impl\point_cloud_geometry_handlers.hpp">
      <Filter>Header Files</Filter>
    </ClInclude>
    <ClInclude Include="include\pcl\visualization\impl\point_cloud_handlers.hpp">
      <Filter>Header Files</Filter>
    </ClInclude>
    <ClInclude Include="include\pcl\visualization\impl\registration_visualizer.hpp">
      <Filter>Header Files</Filter>
    </ClInclude>
    <ClInclude Include="include\pcl\visualization\common\actor_map.h">
      <Filter>Header Files</Filter>
    </ClInclude>
    <ClInclude Include="include\pcl\visualization\common\common.h">
      <Filter>Header Files</Filter>
    </ClInclude>
    <ClInclude Include="include\pcl\visualization\common\float_image_utils.h">
      <Filter>Header Files</Filter>
    </ClInclude>
    <ClInclude Include="include\pcl\visualization\common\io.h">
      <Filter>Header Files</Filter>
    </ClInclude>
    <ClInclude Include="include\pcl\visualization\common\ren_win_interact_map.h">
      <Filter>Header Files</Filter>
    </ClInclude>
    <ClInclude Include="include\pcl\visualization\common\shapes.h">
      <Filter>Header Files</Filter>
    </ClInclude>
    <ClInclude Include="include\pcl\visualization\common\impl\common.hpp">
      <Filter>Header Files</Filter>
    </ClInclude>
    <ClInclude Include="include\pcl\visualization\common\impl\shapes.hpp">
      <Filter>Header Files</Filter>
    </ClInclude>
    <ClInclude Include="include\pcl\visualization\vtk\vtkRenderingCore_AUTOINIT_vtkInteractionStyle_vtkRenderingFreeType_vtkRenderingOpenGL2.h">
      <Filter>Header Files</Filter>
    </ClInclude>
  </ItemGroup>
  <ItemGroup>
    <Filter Include="Header Files">
      <UniqueIdentifier>{019AD120-2236-35E4-8311-79F928D2EAE8}</UniqueIdentifier>
    </Filter>
    <Filter Include="Source Files">
      <UniqueIdentifier>{EBA55140-1158-3E6B-96EE-0381393DF310}</UniqueIdentifier>
    </Filter>
  </ItemGroup>
  <ItemGroup>
    <ClCompile Include="src\cloud_viewer.cpp">
      <Filter>Source Files</Filter>
    </ClCompile>
    <ClCompile Include="src\histogram_visualizer.cpp">
      <Filter>Source Files</Filter>
    </ClCompile>
    <ClCompile Include="src\image_viewer.cpp">
      <Filter>Source Files</Filter>
    </ClCompile>
    <ClCompile Include="src\interactor_style.cpp">
      <Filter>Source Files</Filter>
    </ClCompile>
    <ClCompile Include="src\pcl_painter2D.cpp">
      <Filter>Source Files</Filter>
    </ClCompile>
    <ClCompile Include="src\pcl_plotter.cpp">
      <Filter>Source Files</Filter>
    </ClCompile>
    <ClCompile Include="src\pcl_visualizer.cpp">
      <Filter>Source Files</Filter>
    </ClCompile>
    <ClCompile Include="src\point_cloud_handlers.cpp">
      <Filter>Source Files</Filter>
    </ClCompile>
    <ClCompile Include="src\point_picking_event.cpp">
      <Filter>Source Files</Filter>
    </ClCompile>
    <ClCompile Include="src\range_image_visualizer.cpp">
      <Filter>Source Files</Filter>
    </ClCompile>
    <ClCompile Include="src\window.cpp">
      <Filter>Source Files</Filter>
    </ClCompile>
    <ClCompile Include="src\vtk\pcl_context_item.cpp">
      <Filter>Source Files</Filter>
    </ClCompile>
    <ClCompile Include="src\vtk\pcl_image_canvas_source_2d.cpp">
      <Filter>Source Files</Filter>
    </ClCompile>
    <ClCompile Include="src\vtk\vtkRenderWindowInteractorFix.cpp">
      <Filter>Source Files</Filter>
    </ClCompile>
    <ClCompile Include="src\common\common.cpp">
      <Filter>Source Files</Filter>
    </ClCompile>
    <ClCompile Include="src\common\float_image_utils.cpp">
      <Filter>Source Files</Filter>
    </ClCompile>
    <ClCompile Include="src\common\io.cpp">
      <Filter>Source Files</Filter>
    </ClCompile>
    <ClCompile Include="src\common\ren_win_interact_map.cpp">
      <Filter>Source Files</Filter>
    </ClCompile>
    <ClCompile Include="src\common\shapes.cpp">
      <Filter>Source Files</Filter>
    </ClCompile>
  </ItemGroup>
  <ItemGroup>
    <None Include="include\pcl\visualization\vtk\vtkRenderWindowInteractorFix.mm">
      <Filter>Header Files</Filter>
    </None>
    <None Include="packages.config" />
  </ItemGroup>
</Project>