<?xml version="1.0" encoding="utf-8"?>
<Project ToolsVersion="4.0" xmlns="http://schemas.microsoft.com/developer/msbuild/2003">
  <ItemGroup>
    <Filter Include="源文件">
      <UniqueIdentifier>{4FC737F1-C7A5-4376-A066-2A32D752A2FF}</UniqueIdentifier>
      <Extensions>cpp;c;cc;cxx;c++;cppm;ixx;def;odl;idl;hpj;bat;asm;asmx</Extensions>
    </Filter>
    <Filter Include="头文件">
      <UniqueIdentifier>{93995380-89BD-4b04-88EB-625FBE52EBFB}</UniqueIdentifier>
      <Extensions>h;hh;hpp;hxx;h++;hm;inl;inc;ipp;xsd</Extensions>
    </Filter>
    <Filter Include="资源文件">
      <UniqueIdentifier>{67DA6AB6-F800-4c08-8B7A-83BB121AAD01}</UniqueIdentifier>
      <Extensions>rc;ico;cur;bmp;dlg;rc2;rct;bin;rgs;gif;jpg;jpeg;jpe;resx;tiff;tif;png;wav;mfcribbon-ms</Extensions>
    </Filter>
  </ItemGroup>
  <ItemGroup>
    <ClInclude Include="..\PointCloudRetouch\Feature.h">
      <Filter>头文件</Filter>
    </ClInclude>
    <ClInclude Include="..\PointCloudRetouch\InitialClusterCreator.h">
      <Filter>头文件</Filter>
    </ClInclude>
    <ClInclude Include="..\PointCloudRetouch\pch.h">
      <Filter>头文件</Filter>
    </ClInclude>
    <ClInclude Include="..\PointCloudRetouch\PointClassifier.h">
      <Filter>头文件</Filter>
    </ClInclude>
    <ClInclude Include="..\PointCloudRetouch\PointCloudRetouchCommon.h">
      <Filter>头文件</Filter>
    </ClInclude>
    <ClInclude Include="..\PointCloudRetouch\PointCloudRetouchExport.h">
      <Filter>头文件</Filter>
    </ClInclude>
    <ClInclude Include="..\PointCloudRetouch\PointCloudRetouchInterface.h">
      <Filter>头文件</Filter>
    </ClInclude>
    <ClInclude Include="..\PointCloudRetouch\PointCloudRetouchManager.h">
      <Filter>头文件</Filter>
    </ClInclude>
    <ClInclude Include="..\PointCloudRetouch\PointCloudRetouchScene.h">
      <Filter>头文件</Filter>
    </ClInclude>
    <ClInclude Include="..\PointCloudRetouch\PointCluster.h">
      <Filter>头文件</Filter>
    </ClInclude>
    <ClInclude Include="..\PointCloudRetouch\PointClusterExpander.h">
      <Filter>头文件</Filter>
    </ClInclude>
    <ClInclude Include="..\PointCloudRetouch\PointClusterSet.h">
      <Filter>头文件</Filter>
    </ClInclude>
    <ClInclude Include="..\PointCloudRetouch\PointLabelSet.h">
      <Filter>头文件</Filter>
    </ClInclude>
    <ClInclude Include="..\PointCloudRetouch\RetouchTask.h">
      <Filter>头文件</Filter>
    </ClInclude>
    <ClInclude Include="..\PointCloudRetouch\NeighborhoodBuilder.h">
      <Filter>头文件</Filter>
    </ClInclude>
    <ClInclude Include="..\PointCloudRetouch\ColorFeature.h">
      <Filter>头文件</Filter>
    </ClInclude>
    <ClInclude Include="..\PointCloudRetouch\framework.h">
      <Filter>头文件</Filter>
    </ClInclude>
    <ClInclude Include="..\PointCloudRetouch\PlanarityFeature.h">
      <Filter>头文件</Filter>
    </ClInclude>
    <ClInclude Include="..\PointCloudRetouch\PointCloudRetouchConfig.h">
      <Filter>头文件</Filter>
    </ClInclude>
    <ClInclude Include="..\PointCloudRetouch\EuclideanNeighborhoodBuilder.h">
      <Filter>头文件</Filter>
    </ClInclude>
    <ClInclude Include="..\PointCloudRetouch\PointSetPreprocessor.h">
      <Filter>头文件</Filter>
    </ClInclude>
    <ClInclude Include="..\PointCloudRetouch\OutlierDetector.h">
      <Filter>头文件</Filter>
    </ClInclude>
    <ClInclude Include="..\PointCloudRetouch\NormalComplexity.h">
      <Filter>头文件</Filter>
    </ClInclude>
    <ClInclude Include="..\PointCloudRetouch\PrecomputeManager.h">
      <Filter>头文件</Filter>
    </ClInclude>
    <ClInclude Include="..\PointCloudRetouch\PointClusterExpanderMultithread.h">
      <Filter>头文件</Filter>
    </ClInclude>
    <ClInclude Include="..\PointCloudRetouch\BoundaryDetector.h">
      <Filter>头文件</Filter>
    </ClInclude>
    <ClInclude Include="..\PointCloudRetouch\HoleRepairer.h">
      <Filter>头文件</Filter>
    </ClInclude>
    <ClInclude Include="..\PointCloudRetouch\TextureSynthesizer.h">
      <Filter>头文件</Filter>
    </ClInclude>
    <ClInclude Include="..\PointCloudRetouch\stb_image.h">
      <Filter>头文件</Filter>
    </ClInclude>
    <ClInclude Include="..\PointCloudRetouch\stb_image_write.h">
      <Filter>头文件</Filter>
    </ClInclude>
    <ClInclude Include="..\PointCloudRetouch\MipmapGenerator.h">
      <Filter>头文件</Filter>
    </ClInclude>
    <ClInclude Include="..\PointCloudRetouch\OrderIndependentTextureSynthesizer.h">
      <Filter>头文件</Filter>
    </ClInclude>
  </ItemGroup>
  <ItemGroup>
    <ClCompile Include="..\PointCloudRetouch\InitialClusterCreator.cpp">
      <Filter>源文件</Filter>
    </ClCompile>
    <ClCompile Include="..\PointCloudRetouch\pch.cpp">
      <Filter>源文件</Filter>
    </ClCompile>
    <ClCompile Include="..\PointCloudRetouch\PointCloudRetouchInterface.cpp">
      <Filter>源文件</Filter>
    </ClCompile>
    <ClCompile Include="..\PointCloudRetouch\PointCloudRetouchManager.cpp">
      <Filter>源文件</Filter>
    </ClCompile>
    <ClCompile Include="..\PointCloudRetouch\PointCloudRetouchScene.cpp">
      <Filter>源文件</Filter>
    </ClCompile>
    <ClCompile Include="..\PointCloudRetouch\PointCluster.cpp">
      <Filter>源文件</Filter>
    </ClCompile>
    <ClCompile Include="..\PointCloudRetouch\PointClusterExpander.cpp">
      <Filter>源文件</Filter>
    </ClCompile>
    <ClCompile Include="..\PointCloudRetouch\PointClusterSet.cpp">
      <Filter>源文件</Filter>
    </ClCompile>
    <ClCompile Include="..\PointCloudRetouch\PointLabelSet.cpp">
      <Filter>源文件</Filter>
    </ClCompile>
    <ClCompile Include="..\PointCloudRetouch\RetouchTask.cpp">
      <Filter>源文件</Filter>
    </ClCompile>
    <ClCompile Include="..\PointCloudRetouch\ColorFeature.cpp">
      <Filter>源文件</Filter>
    </ClCompile>
    <ClCompile Include="..\PointCloudRetouch\dllmain.cpp">
      <Filter>源文件</Filter>
    </ClCompile>
    <ClCompile Include="..\PointCloudRetouch\NeighborhoodBuilder.cpp">
      <Filter>源文件</Filter>
    </ClCompile>
    <ClCompile Include="..\PointCloudRetouch\PlanarityFeature.cpp">
      <Filter>源文件</Filter>
    </ClCompile>
    <ClCompile Include="..\PointCloudRetouch\PointCloudRetouchConfig.cpp">
      <Filter>源文件</Filter>
    </ClCompile>
    <ClCompile Include="..\PointCloudRetouch\EuclideanNeighborhoodBuilder.cpp">
      <Filter>源文件</Filter>
    </ClCompile>
    <ClCompile Include="..\PointCloudRetouch\PointSetPreprocessor.cpp">
      <Filter>源文件</Filter>
    </ClCompile>
    <ClCompile Include="..\PointCloudRetouch\OutlierDetector.cpp">
      <Filter>源文件</Filter>
    </ClCompile>
    <ClCompile Include="..\PointCloudRetouch\NormalComplexity.cpp">
      <Filter>源文件</Filter>
    </ClCompile>
    <ClCompile Include="..\PointCloudRetouch\PrecomputeManager.cpp">
      <Filter>源文件</Filter>
    </ClCompile>
    <ClCompile Include="..\PointCloudRetouch\PointClusterExpanderMultithread.cpp">
      <Filter>源文件</Filter>
    </ClCompile>
    <ClCompile Include="..\PointCloudRetouch\BoundaryDetector.cpp">
      <Filter>源文件</Filter>
    </ClCompile>
    <ClCompile Include="..\PointCloudRetouch\HoleRepairer.cpp">
      <Filter>源文件</Filter>
    </ClCompile>
    <ClCompile Include="..\PointCloudRetouch\TextureSynthesizer.cpp">
      <Filter>源文件</Filter>
    </ClCompile>
    <ClCompile Include="..\PointCloudRetouch\MipmapGenerator.cpp">
      <Filter>源文件</Filter>
    </ClCompile>
    <ClCompile Include="..\PointCloudRetouch\OrderIndependentTextureSynthesizer.cpp">
      <Filter>源文件</Filter>
    </ClCompile>
  </ItemGroup>
  <ItemGroup>
    <None Include="..\PointCloudRetouch\packages.config" />
  </ItemGroup>
</Project>