<?xml version="1.0" encoding="utf-8"?>
<Project ToolsVersion="4.0" xmlns="http://schemas.microsoft.com/developer/msbuild/2003">
  <ItemGroup>
    <ClCompile Include="dllmain.cpp" />
    <ClCompile Include="pch.cpp" />
    <ClCompile Include="SceneReconstructionInterface.cpp" />
    <ClCompile Include="PoissonSurfaceReconstructor.cpp">
      <Filter>Surface</Filter>
    </ClCompile>
    <ClCompile Include="SurfaceReconstructor.cpp">
      <Filter>Surface</Filter>
    </ClCompile>
    <ClCompile Include="TextureBaker.cpp">
      <Filter>Texture</Filter>
    </ClCompile>
    <ClCompile Include="RayCastingBaker.cpp">
      <Filter>Texture</Filter>
    </ClCompile>
    <ClCompile Include="MeshParameterizer.cpp">
      <Filter>Parameterization</Filter>
    </ClCompile>
    <ClCompile Include="ArapParameterizer.cpp">
      <Filter>Parameterization</Filter>
    </ClCompile>
    <ClCompile Include="MeshSuture.cpp">
      <Filter>Suture</Filter>
    </ClCompile>
    <ClCompile Include="MeshPlaneIntersection.cpp">
      <Filter>Suture</Filter>
    </ClCompile>
    <ClCompile Include="FindSplitPlane.cpp">
      <Filter>Suture</Filter>
    </ClCompile>
    <ClCompile Include="BasicMeshSuture.cpp">
      <Filter>Suture</Filter>
    </ClCompile>
    <ClCompile Include="MeshSimplification.cpp">
      <Filter>Simplification</Filter>
    </ClCompile>
    <ClCompile Include="CollapseBasedSimplification.cpp">
      <Filter>Simplification</Filter>
    </ClCompile>
  </ItemGroup>
  <ItemGroup>
    <ClInclude Include="framework.h" />
    <ClInclude Include="pch.h" />
    <ClInclude Include="SceneReconstructionCommon.h" />
    <ClInclude Include="SceneReconstructionExport.h" />
    <ClInclude Include="SceneReconstructionInterface.h" />
    <ClInclude Include="PoissonSurfaceReconstructor.h">
      <Filter>Surface</Filter>
    </ClInclude>
    <ClInclude Include="SurfaceReconstructor.h">
      <Filter>Surface</Filter>
    </ClInclude>
    <ClInclude Include="SceneReconstructionConfig.h" />
    <ClInclude Include="TextureBaker.h">
      <Filter>Texture</Filter>
    </ClInclude>
    <ClInclude Include="RayCastingBaker.h">
      <Filter>Texture</Filter>
    </ClInclude>
    <ClInclude Include="..\ObliquePhotographyData\Image.h" />
    <ClInclude Include="MeshParameterizer.h">
      <Filter>Parameterization</Filter>
    </ClInclude>
    <ClInclude Include="ArapParameterizer.h">
      <Filter>Parameterization</Filter>
    </ClInclude>
    <ClInclude Include="MeshSuture.h">
      <Filter>Suture</Filter>
    </ClInclude>
    <ClInclude Include="MeshPlaneIntersection.h">
      <Filter>Suture</Filter>
    </ClInclude>
    <ClInclude Include="BasicMeshSuture.h">
      <Filter>Suture</Filter>
    </ClInclude>
    <ClInclude Include="FindSplitPlane.h">
      <Filter>Suture</Filter>
    </ClInclude>
    <ClInclude Include="MeshSimplification.h">
      <Filter>Simplification</Filter>
    </ClInclude>
    <ClInclude Include="CollapseBasedSimplification.h">
      <Filter>Simplification</Filter>
    </ClInclude>
    <ClInclude Include="VcgMesh.hpp">
      <Filter>Simplification</Filter>
    </ClInclude>
  </ItemGroup>
  <ItemGroup>
    <None Include="packages.config" />
  </ItemGroup>
  <ItemGroup>
    <Filter Include="Surface">
      <UniqueIdentifier>{92b455cf-e126-4924-9779-20c86e9fa8f8}</UniqueIdentifier>
    </Filter>
    <Filter Include="Texture">
      <UniqueIdentifier>{50215ff1-c831-44a3-a056-d0f737e11622}</UniqueIdentifier>
    </Filter>
    <Filter Include="Parameterization">
      <UniqueIdentifier>{44113bd4-25fd-460b-bc13-bad6d9d16ab1}</UniqueIdentifier>
    </Filter>
    <Filter Include="Suture">
      <UniqueIdentifier>{64bf4be6-2e4d-43e6-9ba4-ccb47385fecc}</UniqueIdentifier>
    </Filter>
    <Filter Include="Simplification">
      <UniqueIdentifier>{3f9b93dc-9a9e-46d4-85c4-2b33139ef6d0}</UniqueIdentifier>
    </Filter>
  </ItemGroup>
  <ItemGroup>
    <Xml Include="..\QTInterface\Config\SceneReconstructionConfig.xml" />
  </ItemGroup>
</Project>