<?xml version="1.0" encoding="utf-8"?>
<Project ToolsVersion="4.0" xmlns="http://schemas.microsoft.com/developer/msbuild/2003">
  <ItemGroup>
    <Filter Include="源文件">
      <UniqueIdentifier>{4FC737F1-C7A5-4376-A066-2A32D752A2FF}</UniqueIdentifier>
      <Extensions>cpp;c;cc;cxx;c++;cppm;ixx;def;odl;idl;hpj;bat;asm;asmx</Extensions>
    </Filter>
    <Filter Include="头文件">
      <UniqueIdentifier>{93995380-89BD-4b04-88EB-625FBE52EBFB}</UniqueIdentifier>
      <Extensions>h;hh;hpp;hxx;h++;hm;inl;inc;ipp;xsd</Extensions>
    </Filter>
    <Filter Include="资源文件">
      <UniqueIdentifier>{67DA6AB6-F800-4c08-8B7A-83BB121AAD01}</UniqueIdentifier>
      <Extensions>rc;ico;cur;bmp;dlg;rc2;rct;bin;rgs;gif;jpg;jpeg;jpe;resx;tiff;tif;png;wav;mfcribbon-ms</Extensions>
    </Filter>
  </ItemGroup>
  <ItemGroup>
    <ClCompile Include="..\SceneReconstruction\dllmain.cpp">
      <Filter>源文件</Filter>
    </ClCompile>
    <ClCompile Include="..\SceneReconstruction\pch.cpp">
      <Filter>源文件</Filter>
    </ClCompile>
    <ClCompile Include="..\SceneReconstruction\PoissonSurfaceReconstructor.cpp">
      <Filter>源文件</Filter>
    </ClCompile>
    <ClCompile Include="..\SceneReconstruction\SceneReconstructionInterface.cpp">
      <Filter>源文件</Filter>
    </ClCompile>
    <ClCompile Include="..\SceneReconstruction\SurfaceReconstructor.cpp">
      <Filter>源文件</Filter>
    </ClCompile>
    <ClCompile Include="..\SceneReconstruction\RayCastingBaker.cpp">
      <Filter>源文件</Filter>
    </ClCompile>
    <ClCompile Include="..\SceneReconstruction\TextureBaker.cpp">
      <Filter>源文件</Filter>
    </ClCompile>
    <ClCompile Include="..\SceneReconstruction\ArapParameterizer.cpp">
      <Filter>源文件</Filter>
    </ClCompile>
    <ClCompile Include="..\SceneReconstruction\MeshParameterizer.cpp">
      <Filter>源文件</Filter>
    </ClCompile>
    <ClCompile Include="..\SceneReconstruction\MeshSuture.cpp">
      <Filter>源文件</Filter>
    </ClCompile>
    <ClCompile Include="..\SceneReconstruction\MeshPlaneIntersection.cpp">
      <Filter>源文件</Filter>
    </ClCompile>
  </ItemGroup>
  <ItemGroup>
    <ClInclude Include="..\SceneReconstruction\framework.h">
      <Filter>头文件</Filter>
    </ClInclude>
    <ClInclude Include="..\SceneReconstruction\pch.h">
      <Filter>头文件</Filter>
    </ClInclude>
    <ClInclude Include="..\SceneReconstruction\SceneReconstructionCommon.h">
      <Filter>头文件</Filter>
    </ClInclude>
    <ClInclude Include="..\SceneReconstruction\SceneReconstructionExport.h">
      <Filter>头文件</Filter>
    </ClInclude>
    <ClInclude Include="..\SceneReconstruction\PoissonSurfaceReconstructor.h">
      <Filter>头文件</Filter>
    </ClInclude>
    <ClInclude Include="..\SceneReconstruction\SceneReconstructionInterface.h">
      <Filter>头文件</Filter>
    </ClInclude>
    <ClInclude Include="..\SceneReconstruction\SurfaceReconstructor.h">
      <Filter>头文件</Filter>
    </ClInclude>
    <ClInclude Include="..\SceneReconstruction\SceneReconstructionConfig.h">
      <Filter>头文件</Filter>
    </ClInclude>
    <ClInclude Include="..\SceneReconstruction\RayCastingBaker.h">
      <Filter>头文件</Filter>
    </ClInclude>
    <ClInclude Include="..\SceneReconstruction\TextureBaker.h">
      <Filter>头文件</Filter>
    </ClInclude>
    <ClInclude Include="..\SceneReconstruction\ArapParameterizer.h">
      <Filter>头文件</Filter>
    </ClInclude>
    <ClInclude Include="..\SceneReconstruction\MeshParameterizer.h">
      <Filter>头文件</Filter>
    </ClInclude>
    <ClInclude Include="..\SceneReconstruction\MeshSuture.h">
      <Filter>头文件</Filter>
    </ClInclude>
    <ClInclude Include="..\SceneReconstruction\MeshPlaneIntersection.h">
      <Filter>头文件</Filter>
    </ClInclude>
  </ItemGroup>
  <ItemGroup>
    <None Include="packages.config" />
  </ItemGroup>
</Project>